<?xml version="1.0" encoding="UTF-8" standalone="yes" ?>
<CodeBlocks_project_file>
	<FileVersion major="1" minor="6" />
	<Project>
		<Option title="Clone" />
		<Option pch_mode="2" />
		<Option compiler="gcc" />
		<Build>
			<Target title="Debug">
				<Option output="bin/Debug/Clone" prefix_auto="1" extension_auto="1" />
				<Option object_output="obj/Debug/" />
				<Option type="1" />
				<Option compiler="gcc" />
				<Compiler>
					<Add option="-g" />
					<Add directory="/usr/local/include/SFML" />
					<Add directory="/usr/local/include/Box2D/" />
					<Add directory="include" />
					<Add directory="/media/sundeep/3 tb Vol/code/Box2d tools/Box2d tools/include" />
					<Add directory="../Box2d-tools/Box2d tools/include" />
				</Compiler>
				<Linker>
					<Add library="sfml-graphics" />
					<Add library="sfml-window" />
					<Add library="sfml-system" />
					<Add library="/usr/local/lib/libBox2D.a" />
					<Add directory="/usr/local/lib/" />
				</Linker>
			</Target>
			<Target title="Release">
				<Option output="bin/Release/Clone" prefix_auto="1" extension_auto="1" />
				<Option object_output="obj/Release/" />
				<Option type="0" />
				<Option compiler="gcc" />
				<Compiler>
					<Add option="-O2" />
					<Add directory="/usr/local/include/SFML" />
					<Add directory="/usr/local/include/Box2D/" />
					<Add directory="include" />
					<Add directory="/media/sundeep/3 tb Vol/code/Box2d tools/Box2d tools/include" />
					<Add directory="../Box2d-tools/Box2d tools/include" />
				</Compiler>
				<Linker>
					<Add option="-s" />
					<Add library="sfml-graphics" />
					<Add library="sfml-window" />
					<Add library="sfml-system" />
					<Add library="/usr/local/lib/libBox2D.a" />
					<Add directory="/usr/local/lib/" />
					<Add directory="/usr/local/include/Box2D" />
				</Linker>
			</Target>
		</Build>
		<Compiler>
			<Add option="-Wall" />
		</Compiler>
		<Linker>
			<Add library="sfml-graphics" />
			<Add library="sfml-window" />
			<Add library="sfml-system" />
		</Linker>
		<Unit filename="../Box2d-tools/Box2d tools/include/B2BoxBuilder.h" />
		<Unit filename="../Box2d-tools/Box2d tools/include/B2Builder.h" />
		<Unit filename="../Box2d-tools/Box2d tools/include/B2DBuilderHelper.h" />
		<Unit filename="../Box2d-tools/Box2d tools/include/Box2DConstants.h" />
		<Unit filename="../Box2d-tools/Box2d tools/include/SFMLB2dDebugDraw.h" />
		<Unit filename="../Box2d-tools/Box2d tools/src/B2BoxBuilder.cpp" />
		<Unit filename="../Box2d-tools/Box2d tools/src/B2DBuilder.cpp" />
		<Unit filename="../Box2d-tools/Box2d tools/src/SFMLB2dDebugDraw.cpp" />
		<Unit filename="include/Action.h" />
		<Unit filename="include/B2DWorld.h" />
		<Unit filename="include/KeyEventController.h" />
		<Unit filename="include/LogicalNode.h" />
		<Unit filename="include/Player.h" />
		<Unit filename="include/Updateable.h" />
		<Unit filename="src/Action.cpp" />
		<Unit filename="src/B2DWorld.cpp" />
		<Unit filename="src/KeyEventController.cpp" />
		<Unit filename="src/LogicalNode.cpp" />
		<Unit filename="src/Player.cpp" />
		<Unit filename="src/Updateable.cpp" />
		<Unit filename="src/main.cpp" />
		<Extensions>
			<code_completion />
			<debugger />
		</Extensions>
	</Project>
</CodeBlocks_project_file>
